
Microsoft Visual Studio Solution File, Format Version 12.00
# Visual Studio Version 16
VisualStudioVersion = 16.0.30011.22
MinimumVisualStudioVersion = 10.0.40219.1
Project("{FAE04EC0-301F-11D3-BF4B-00C04F79EFBC}") = "SoftUni Reception", "MidExam\SoftUni Reception.csproj", "{88B4961D-D903-4A1B-911C-14C363509DF9}"
EndProject
Project("{FAE04EC0-301F-11D3-BF4B-00C04F79EFBC}") = "ArrayManipulator", "ArrayManipulator\ArrayManipulator.csproj", "{13505EEF-31C3-41E7-A9B0-205E535D6E38}"
EndProject
Project("{FAE04EC0-301F-11D3-BF4B-00C04F79EFBC}") = "Numbers", "Numbers\Numbers.csproj", "{DE19B508-05EA-4B09-82CB-25345E6127C6}"
EndProject
Global
	GlobalSection(SolutionConfigurationPlatforms) = preSolution
		Debug|Any CPU = Debug|Any CPU
		Release|Any CPU = Release|Any CPU
	EndGlobalSection
	GlobalSection(ProjectConfigurationPlatforms) = postSolution
		{88B4961D-D903-4A1B-911C-14C363509DF9}.Debug|Any CPU.ActiveCfg = Debug|Any CPU
		{88B4961D-D903-4A1B-911C-14C363509DF9}.Debug|Any CPU.Build.0 = Debug|Any CPU
		{88B4961D-D903-4A1B-911C-14C363509DF9}.Release|Any CPU.ActiveCfg = Release|Any CPU
		{88B4961D-D903-4A1B-911C-14C363509DF9}.Release|Any CPU.Build.0 = Release|Any CPU
		{13505EEF-31C3-41E7-A9B0-205E535D6E38}.Debug|Any CPU.ActiveCfg = Debug|Any CPU
		{13505EEF-31C3-41E7-A9B0-205E535D6E38}.Debug|Any CPU.Build.0 = Debug|Any CPU
		{13505EEF-31C3-41E7-A9B0-205E535D6E38}.Release|Any CPU.ActiveCfg = Release|Any CPU
		{13505EEF-31C3-41E7-A9B0-205E535D6E38}.Release|Any CPU.Build.0 = Release|Any CPU
		{DE19B508-05EA-4B09-82CB-25345E6127C6}.Debug|Any CPU.ActiveCfg = Debug|Any CPU
		{DE19B508-05EA-4B09-82CB-25345E6127C6}.Debug|Any CPU.Build.0 = Debug|Any CPU
		{DE19B508-05EA-4B09-82CB-25345E6127C6}.Release|Any CPU.ActiveCfg = Release|Any CPU
		{DE19B508-05EA-4B09-82CB-25345E6127C6}.Release|Any CPU.Build.0 = Release|Any CPU
	EndGlobalSection
	GlobalSection(SolutionProperties) = preSolution
		HideSolutionNode = FALSE
	EndGlobalSection
	GlobalSection(ExtensibilityGlobals) = postSolution
		SolutionGuid = {92464D94-3502-4979-9835-DBCCB188B2A5}
	EndGlobalSection
EndGlobal
