
Microsoft Visual Studio Solution File, Format Version 12.00
# Visual Studio Version 16
VisualStudioVersion = 16.0.30011.22
MinimumVisualStudioVersion = 10.0.40219.1
Project("{FAE04EC0-301F-11D3-BF4B-00C04F79EFBC}") = "StudentInformation", "StudentInformation\StudentInformation.csproj", "{A1436F3C-23A1-46B6-BB9E-F42E4DBCC886}"
EndProject
Project("{FAE04EC0-301F-11D3-BF4B-00C04F79EFBC}") = "Passed", "Passed\Passed.csproj", "{48F2BD19-3A33-4428-860E-3D449F16682B}"
EndProject
Project("{FAE04EC0-301F-11D3-BF4B-00C04F79EFBC}") = "BackIn30Minutes", "BackIn30Minutes\BackIn30Minutes.csproj", "{BD6A98C8-BF78-43EB-8370-FCB592B43A25}"
EndProject
Project("{FAE04EC0-301F-11D3-BF4B-00C04F79EFBC}") = "MonthPrinter", "MonthPrinter\MonthPrinter.csproj", "{DF41C6EA-5CE3-40FC-AF31-26209419D52B}"
EndProject
Project("{FAE04EC0-301F-11D3-BF4B-00C04F79EFBC}") = "ForeignLanguages", "ForeignLanguages\ForeignLanguages.csproj", "{047DA4DB-D1DB-4241-8B2C-31450234A6A4}"
EndProject
Project("{FAE04EC0-301F-11D3-BF4B-00C04F79EFBC}") = "TheatrePromotions", "TheatrePromotions\TheatrePromotions.csproj", "{F534F1B8-90F7-4965-8064-4B889185DA60}"
EndProject
Project("{FAE04EC0-301F-11D3-BF4B-00C04F79EFBC}") = "DivisibleBy3", "DivisibleBy3\DivisibleBy3.csproj", "{FB2B2DC0-8A85-4E2F-BE0A-9DB3830BF610}"
EndProject
Project("{FAE04EC0-301F-11D3-BF4B-00C04F79EFBC}") = "SumOfOddNumbers", "SumOfOddNumbers\SumOfOddNumbers.csproj", "{6F4DB57D-352D-475A-853C-4F77EDDA847C}"
EndProject
Project("{FAE04EC0-301F-11D3-BF4B-00C04F79EFBC}") = "MultiplicationTable", "MultiplicationTable\MultiplicationTable.csproj", "{C3A5093B-2181-40F1-BBE2-3E95BA2126FE}"
EndProject
Project("{FAE04EC0-301F-11D3-BF4B-00C04F79EFBC}") = "MultiplicationTable2.0", "MultiplicationTable2.0\MultiplicationTable2.0.csproj", "{B61097E4-9C8F-48F0-B247-09C108D44109}"
EndProject
Project("{FAE04EC0-301F-11D3-BF4B-00C04F79EFBC}") = "EvenNumber", "EvenNumber\EvenNumber.csproj", "{12A8C3FB-889E-4E76-808C-7F238D044D72}"
EndProject
Global
	GlobalSection(SolutionConfigurationPlatforms) = preSolution
		Debug|Any CPU = Debug|Any CPU
		Release|Any CPU = Release|Any CPU
	EndGlobalSection
	GlobalSection(ProjectConfigurationPlatforms) = postSolution
		{A1436F3C-23A1-46B6-BB9E-F42E4DBCC886}.Debug|Any CPU.ActiveCfg = Debug|Any CPU
		{A1436F3C-23A1-46B6-BB9E-F42E4DBCC886}.Debug|Any CPU.Build.0 = Debug|Any CPU
		{A1436F3C-23A1-46B6-BB9E-F42E4DBCC886}.Release|Any CPU.ActiveCfg = Release|Any CPU
		{A1436F3C-23A1-46B6-BB9E-F42E4DBCC886}.Release|Any CPU.Build.0 = Release|Any CPU
		{48F2BD19-3A33-4428-860E-3D449F16682B}.Debug|Any CPU.ActiveCfg = Debug|Any CPU
		{48F2BD19-3A33-4428-860E-3D449F16682B}.Debug|Any CPU.Build.0 = Debug|Any CPU
		{48F2BD19-3A33-4428-860E-3D449F16682B}.Release|Any CPU.ActiveCfg = Release|Any CPU
		{48F2BD19-3A33-4428-860E-3D449F16682B}.Release|Any CPU.Build.0 = Release|Any CPU
		{BD6A98C8-BF78-43EB-8370-FCB592B43A25}.Debug|Any CPU.ActiveCfg = Debug|Any CPU
		{BD6A98C8-BF78-43EB-8370-FCB592B43A25}.Debug|Any CPU.Build.0 = Debug|Any CPU
		{BD6A98C8-BF78-43EB-8370-FCB592B43A25}.Release|Any CPU.ActiveCfg = Release|Any CPU
		{BD6A98C8-BF78-43EB-8370-FCB592B43A25}.Release|Any CPU.Build.0 = Release|Any CPU
		{DF41C6EA-5CE3-40FC-AF31-26209419D52B}.Debug|Any CPU.ActiveCfg = Debug|Any CPU
		{DF41C6EA-5CE3-40FC-AF31-26209419D52B}.Debug|Any CPU.Build.0 = Debug|Any CPU
		{DF41C6EA-5CE3-40FC-AF31-26209419D52B}.Release|Any CPU.ActiveCfg = Release|Any CPU
		{DF41C6EA-5CE3-40FC-AF31-26209419D52B}.Release|Any CPU.Build.0 = Release|Any CPU
		{047DA4DB-D1DB-4241-8B2C-31450234A6A4}.Debug|Any CPU.ActiveCfg = Debug|Any CPU
		{047DA4DB-D1DB-4241-8B2C-31450234A6A4}.Debug|Any CPU.Build.0 = Debug|Any CPU
		{047DA4DB-D1DB-4241-8B2C-31450234A6A4}.Release|Any CPU.ActiveCfg = Release|Any CPU
		{047DA4DB-D1DB-4241-8B2C-31450234A6A4}.Release|Any CPU.Build.0 = Release|Any CPU
		{F534F1B8-90F7-4965-8064-4B889185DA60}.Debug|Any CPU.ActiveCfg = Debug|Any CPU
		{F534F1B8-90F7-4965-8064-4B889185DA60}.Debug|Any CPU.Build.0 = Debug|Any CPU
		{F534F1B8-90F7-4965-8064-4B889185DA60}.Release|Any CPU.ActiveCfg = Release|Any CPU
		{F534F1B8-90F7-4965-8064-4B889185DA60}.Release|Any CPU.Build.0 = Release|Any CPU
		{FB2B2DC0-8A85-4E2F-BE0A-9DB3830BF610}.Debug|Any CPU.ActiveCfg = Debug|Any CPU
		{FB2B2DC0-8A85-4E2F-BE0A-9DB3830BF610}.Debug|Any CPU.Build.0 = Debug|Any CPU
		{FB2B2DC0-8A85-4E2F-BE0A-9DB3830BF610}.Release|Any CPU.ActiveCfg = Release|Any CPU
		{FB2B2DC0-8A85-4E2F-BE0A-9DB3830BF610}.Release|Any CPU.Build.0 = Release|Any CPU
		{6F4DB57D-352D-475A-853C-4F77EDDA847C}.Debug|Any CPU.ActiveCfg = Debug|Any CPU
		{6F4DB57D-352D-475A-853C-4F77EDDA847C}.Debug|Any CPU.Build.0 = Debug|Any CPU
		{6F4DB57D-352D-475A-853C-4F77EDDA847C}.Release|Any CPU.ActiveCfg = Release|Any CPU
		{6F4DB57D-352D-475A-853C-4F77EDDA847C}.Release|Any CPU.Build.0 = Release|Any CPU
		{C3A5093B-2181-40F1-BBE2-3E95BA2126FE}.Debug|Any CPU.ActiveCfg = Debug|Any CPU
		{C3A5093B-2181-40F1-BBE2-3E95BA2126FE}.Debug|Any CPU.Build.0 = Debug|Any CPU
		{C3A5093B-2181-40F1-BBE2-3E95BA2126FE}.Release|Any CPU.ActiveCfg = Release|Any CPU
		{C3A5093B-2181-40F1-BBE2-3E95BA2126FE}.Release|Any CPU.Build.0 = Release|Any CPU
		{B61097E4-9C8F-48F0-B247-09C108D44109}.Debug|Any CPU.ActiveCfg = Debug|Any CPU
		{B61097E4-9C8F-48F0-B247-09C108D44109}.Debug|Any CPU.Build.0 = Debug|Any CPU
		{B61097E4-9C8F-48F0-B247-09C108D44109}.Release|Any CPU.ActiveCfg = Release|Any CPU
		{B61097E4-9C8F-48F0-B247-09C108D44109}.Release|Any CPU.Build.0 = Release|Any CPU
		{12A8C3FB-889E-4E76-808C-7F238D044D72}.Debug|Any CPU.ActiveCfg = Debug|Any CPU
		{12A8C3FB-889E-4E76-808C-7F238D044D72}.Debug|Any CPU.Build.0 = Debug|Any CPU
		{12A8C3FB-889E-4E76-808C-7F238D044D72}.Release|Any CPU.ActiveCfg = Release|Any CPU
		{12A8C3FB-889E-4E76-808C-7F238D044D72}.Release|Any CPU.Build.0 = Release|Any CPU
	EndGlobalSection
	GlobalSection(SolutionProperties) = preSolution
		HideSolutionNode = FALSE
	EndGlobalSection
	GlobalSection(ExtensibilityGlobals) = postSolution
		SolutionGuid = {86BA4AF1-3158-46A2-B49B-4D201245391B}
	EndGlobalSection
EndGlobal
