
Microsoft Visual Studio Solution File, Format Version 12.00
# Visual Studio Version 16
VisualStudioVersion = 16.0.30011.22
MinimumVisualStudioVersion = 10.0.40219.1
Project("{9A19103F-16F7-4668-BE54-9A1E7A4F7556}") = "Secret Chat", "Exam Preparation 2\Secret Chat.csproj", "{CA290D06-37D6-462A-A979-4D14F637C873}"
EndProject
Project("{FAE04EC0-301F-11D3-BF4B-00C04F79EFBC}") = "Mirror words", "Mirror words\Mirror words.csproj", "{A5C8940B-9B18-4CA1-B9EA-2EBB1C643D17}"
EndProject
Project("{FAE04EC0-301F-11D3-BF4B-00C04F79EFBC}") = "Need for Speed III", "Need for Speed III\Need for Speed III.csproj", "{6AE45E98-3B8F-4670-99B9-D93DAF06539A}"
EndProject
Global
	GlobalSection(SolutionConfigurationPlatforms) = preSolution
		Debug|Any CPU = Debug|Any CPU
		Release|Any CPU = Release|Any CPU
	EndGlobalSection
	GlobalSection(ProjectConfigurationPlatforms) = postSolution
		{CA290D06-37D6-462A-A979-4D14F637C873}.Debug|Any CPU.ActiveCfg = Debug|Any CPU
		{CA290D06-37D6-462A-A979-4D14F637C873}.Debug|Any CPU.Build.0 = Debug|Any CPU
		{CA290D06-37D6-462A-A979-4D14F637C873}.Release|Any CPU.ActiveCfg = Release|Any CPU
		{CA290D06-37D6-462A-A979-4D14F637C873}.Release|Any CPU.Build.0 = Release|Any CPU
		{A5C8940B-9B18-4CA1-B9EA-2EBB1C643D17}.Debug|Any CPU.ActiveCfg = Debug|Any CPU
		{A5C8940B-9B18-4CA1-B9EA-2EBB1C643D17}.Debug|Any CPU.Build.0 = Debug|Any CPU
		{A5C8940B-9B18-4CA1-B9EA-2EBB1C643D17}.Release|Any CPU.ActiveCfg = Release|Any CPU
		{A5C8940B-9B18-4CA1-B9EA-2EBB1C643D17}.Release|Any CPU.Build.0 = Release|Any CPU
		{6AE45E98-3B8F-4670-99B9-D93DAF06539A}.Debug|Any CPU.ActiveCfg = Debug|Any CPU
		{6AE45E98-3B8F-4670-99B9-D93DAF06539A}.Debug|Any CPU.Build.0 = Debug|Any CPU
		{6AE45E98-3B8F-4670-99B9-D93DAF06539A}.Release|Any CPU.ActiveCfg = Release|Any CPU
		{6AE45E98-3B8F-4670-99B9-D93DAF06539A}.Release|Any CPU.Build.0 = Release|Any CPU
	EndGlobalSection
	GlobalSection(SolutionProperties) = preSolution
		HideSolutionNode = FALSE
	EndGlobalSection
	GlobalSection(ExtensibilityGlobals) = postSolution
		SolutionGuid = {D2CBA131-6457-4B30-9C22-BB4D746C447C}
	EndGlobalSection
EndGlobal
