
Microsoft Visual Studio Solution File, Format Version 12.00
# Visual Studio Version 16
VisualStudioVersion = 16.0.30011.22
MinimumVisualStudioVersion = 10.0.40219.1
Project("{9A19103F-16F7-4668-BE54-9A1E7A4F7556}") = "Santa's Cookies", "Exams C-Sharp\Santa's Cookies.csproj", "{B2B9D2FA-F1C5-46B4-850F-CF1BE6233772}"
EndProject
Project("{FAE04EC0-301F-11D3-BF4B-00C04F79EFBC}") = "Sino The Walker", "Sino The Walker\Sino The Walker.csproj", "{0C0F785E-8712-477F-B078-65B52B86BD1B}"
EndProject
Global
	GlobalSection(SolutionConfigurationPlatforms) = preSolution
		Debug|Any CPU = Debug|Any CPU
		Release|Any CPU = Release|Any CPU
	EndGlobalSection
	GlobalSection(ProjectConfigurationPlatforms) = postSolution
		{B2B9D2FA-F1C5-46B4-850F-CF1BE6233772}.Debug|Any CPU.ActiveCfg = Debug|Any CPU
		{B2B9D2FA-F1C5-46B4-850F-CF1BE6233772}.Debug|Any CPU.Build.0 = Debug|Any CPU
		{B2B9D2FA-F1C5-46B4-850F-CF1BE6233772}.Release|Any CPU.ActiveCfg = Release|Any CPU
		{B2B9D2FA-F1C5-46B4-850F-CF1BE6233772}.Release|Any CPU.Build.0 = Release|Any CPU
		{0C0F785E-8712-477F-B078-65B52B86BD1B}.Debug|Any CPU.ActiveCfg = Debug|Any CPU
		{0C0F785E-8712-477F-B078-65B52B86BD1B}.Debug|Any CPU.Build.0 = Debug|Any CPU
		{0C0F785E-8712-477F-B078-65B52B86BD1B}.Release|Any CPU.ActiveCfg = Release|Any CPU
		{0C0F785E-8712-477F-B078-65B52B86BD1B}.Release|Any CPU.Build.0 = Release|Any CPU
	EndGlobalSection
	GlobalSection(SolutionProperties) = preSolution
		HideSolutionNode = FALSE
	EndGlobalSection
	GlobalSection(ExtensibilityGlobals) = postSolution
		SolutionGuid = {F3142CE1-6307-423E-BE01-7F1E2055E4A9}
	EndGlobalSection
EndGlobal
