
Microsoft Visual Studio Solution File, Format Version 12.00
# Visual Studio Version 16
VisualStudioVersion = 16.0.30011.22
MinimumVisualStudioVersion = 10.0.40219.1
Project("{FAE04EC0-301F-11D3-BF4B-00C04F79EFBC}") = "Associative Arrays", "Associative Arrays\Associative Arrays.csproj", "{614489E6-72C5-48BE-8A14-5DD2A368B4F0}"
EndProject
Project("{FAE04EC0-301F-11D3-BF4B-00C04F79EFBC}") = "Odd Occurrences", "Odd Occurrences\Odd Occurrences.csproj", "{331CAB22-3C4E-4902-ABE4-BFBBA6D70EE6}"
EndProject
Project("{FAE04EC0-301F-11D3-BF4B-00C04F79EFBC}") = "Word Synonyms", "Word Synonyms\Word Synonyms.csproj", "{C9D3D2D4-E182-48DB-906C-D809A67623B2}"
EndProject
Project("{FAE04EC0-301F-11D3-BF4B-00C04F79EFBC}") = "Largest 3 Numbers", "Largest 3 Numbers\Largest 3 Numbers.csproj", "{84868B73-A1D4-4764-AB7F-008368DB54F5}"
EndProject
Project("{FAE04EC0-301F-11D3-BF4B-00C04F79EFBC}") = "Word Filter", "Word Filter\Word Filter.csproj", "{92B683D2-95C1-49A9-BC5E-F6A89C6A2914}"
EndProject
Global
	GlobalSection(SolutionConfigurationPlatforms) = preSolution
		Debug|Any CPU = Debug|Any CPU
		Release|Any CPU = Release|Any CPU
	EndGlobalSection
	GlobalSection(ProjectConfigurationPlatforms) = postSolution
		{614489E6-72C5-48BE-8A14-5DD2A368B4F0}.Debug|Any CPU.ActiveCfg = Debug|Any CPU
		{614489E6-72C5-48BE-8A14-5DD2A368B4F0}.Debug|Any CPU.Build.0 = Debug|Any CPU
		{614489E6-72C5-48BE-8A14-5DD2A368B4F0}.Release|Any CPU.ActiveCfg = Release|Any CPU
		{614489E6-72C5-48BE-8A14-5DD2A368B4F0}.Release|Any CPU.Build.0 = Release|Any CPU
		{331CAB22-3C4E-4902-ABE4-BFBBA6D70EE6}.Debug|Any CPU.ActiveCfg = Debug|Any CPU
		{331CAB22-3C4E-4902-ABE4-BFBBA6D70EE6}.Debug|Any CPU.Build.0 = Debug|Any CPU
		{331CAB22-3C4E-4902-ABE4-BFBBA6D70EE6}.Release|Any CPU.ActiveCfg = Release|Any CPU
		{331CAB22-3C4E-4902-ABE4-BFBBA6D70EE6}.Release|Any CPU.Build.0 = Release|Any CPU
		{C9D3D2D4-E182-48DB-906C-D809A67623B2}.Debug|Any CPU.ActiveCfg = Debug|Any CPU
		{C9D3D2D4-E182-48DB-906C-D809A67623B2}.Debug|Any CPU.Build.0 = Debug|Any CPU
		{C9D3D2D4-E182-48DB-906C-D809A67623B2}.Release|Any CPU.ActiveCfg = Release|Any CPU
		{C9D3D2D4-E182-48DB-906C-D809A67623B2}.Release|Any CPU.Build.0 = Release|Any CPU
		{84868B73-A1D4-4764-AB7F-008368DB54F5}.Debug|Any CPU.ActiveCfg = Debug|Any CPU
		{84868B73-A1D4-4764-AB7F-008368DB54F5}.Debug|Any CPU.Build.0 = Debug|Any CPU
		{84868B73-A1D4-4764-AB7F-008368DB54F5}.Release|Any CPU.ActiveCfg = Release|Any CPU
		{84868B73-A1D4-4764-AB7F-008368DB54F5}.Release|Any CPU.Build.0 = Release|Any CPU
		{92B683D2-95C1-49A9-BC5E-F6A89C6A2914}.Debug|Any CPU.ActiveCfg = Debug|Any CPU
		{92B683D2-95C1-49A9-BC5E-F6A89C6A2914}.Debug|Any CPU.Build.0 = Debug|Any CPU
		{92B683D2-95C1-49A9-BC5E-F6A89C6A2914}.Release|Any CPU.ActiveCfg = Release|Any CPU
		{92B683D2-95C1-49A9-BC5E-F6A89C6A2914}.Release|Any CPU.Build.0 = Release|Any CPU
	EndGlobalSection
	GlobalSection(SolutionProperties) = preSolution
		HideSolutionNode = FALSE
	EndGlobalSection
	GlobalSection(ExtensibilityGlobals) = postSolution
		SolutionGuid = {27A53B3E-1255-4EFB-9ED1-28935ED6F7D1}
	EndGlobalSection
EndGlobal
