
Microsoft Visual Studio Solution File, Format Version 12.00
# Visual Studio Version 16
VisualStudioVersion = 16.0.30011.22
MinimumVisualStudioVersion = 10.0.40219.1
Project("{FAE04EC0-301F-11D3-BF4B-00C04F79EFBC}") = "World Tour", "Final Exam Fundamentals\World Tour.csproj", "{45BF8E2F-57CB-47A1-90C9-2765C4E0D8F7}"
EndProject
Project("{FAE04EC0-301F-11D3-BF4B-00C04F79EFBC}") = "Destination Mapper", "Destination Mapper\Destination Mapper.csproj", "{014D4E0D-B68C-49C7-9CAA-B20BF1068053}"
EndProject
Project("{FAE04EC0-301F-11D3-BF4B-00C04F79EFBC}") = "Plant Discovery", "Plant Discovery\Plant Discovery.csproj", "{E5AAA1BC-32DE-479D-9138-371A9237B520}"
EndProject
Project("{FAE04EC0-301F-11D3-BF4B-00C04F79EFBC}") = "ConsoleApp1", "ConsoleApp1\ConsoleApp1.csproj", "{8FB81367-A7F2-4873-A3BF-F66E9F20DEB0}"
EndProject
Global
	GlobalSection(SolutionConfigurationPlatforms) = preSolution
		Debug|Any CPU = Debug|Any CPU
		Release|Any CPU = Release|Any CPU
	EndGlobalSection
	GlobalSection(ProjectConfigurationPlatforms) = postSolution
		{45BF8E2F-57CB-47A1-90C9-2765C4E0D8F7}.Debug|Any CPU.ActiveCfg = Debug|Any CPU
		{45BF8E2F-57CB-47A1-90C9-2765C4E0D8F7}.Debug|Any CPU.Build.0 = Debug|Any CPU
		{45BF8E2F-57CB-47A1-90C9-2765C4E0D8F7}.Release|Any CPU.ActiveCfg = Release|Any CPU
		{45BF8E2F-57CB-47A1-90C9-2765C4E0D8F7}.Release|Any CPU.Build.0 = Release|Any CPU
		{014D4E0D-B68C-49C7-9CAA-B20BF1068053}.Debug|Any CPU.ActiveCfg = Debug|Any CPU
		{014D4E0D-B68C-49C7-9CAA-B20BF1068053}.Debug|Any CPU.Build.0 = Debug|Any CPU
		{014D4E0D-B68C-49C7-9CAA-B20BF1068053}.Release|Any CPU.ActiveCfg = Release|Any CPU
		{014D4E0D-B68C-49C7-9CAA-B20BF1068053}.Release|Any CPU.Build.0 = Release|Any CPU
		{E5AAA1BC-32DE-479D-9138-371A9237B520}.Debug|Any CPU.ActiveCfg = Debug|Any CPU
		{E5AAA1BC-32DE-479D-9138-371A9237B520}.Debug|Any CPU.Build.0 = Debug|Any CPU
		{E5AAA1BC-32DE-479D-9138-371A9237B520}.Release|Any CPU.ActiveCfg = Release|Any CPU
		{E5AAA1BC-32DE-479D-9138-371A9237B520}.Release|Any CPU.Build.0 = Release|Any CPU
		{8FB81367-A7F2-4873-A3BF-F66E9F20DEB0}.Debug|Any CPU.ActiveCfg = Debug|Any CPU
		{8FB81367-A7F2-4873-A3BF-F66E9F20DEB0}.Debug|Any CPU.Build.0 = Debug|Any CPU
		{8FB81367-A7F2-4873-A3BF-F66E9F20DEB0}.Release|Any CPU.ActiveCfg = Release|Any CPU
		{8FB81367-A7F2-4873-A3BF-F66E9F20DEB0}.Release|Any CPU.Build.0 = Release|Any CPU
	EndGlobalSection
	GlobalSection(SolutionProperties) = preSolution
		HideSolutionNode = FALSE
	EndGlobalSection
	GlobalSection(ExtensibilityGlobals) = postSolution
		SolutionGuid = {2FD23EFA-F6F7-426F-A189-096F39AB7DB1}
	EndGlobalSection
EndGlobal
