
Microsoft Visual Studio Solution File, Format Version 12.00
# Visual Studio Version 16
VisualStudioVersion = 16.0.30011.22
MinimumVisualStudioVersion = 10.0.40219.1
Project("{9A19103F-16F7-4668-BE54-9A1E7A4F7556}") = "Username", "Final Exam Retake 9 August 2019\Username.csproj", "{C0BCE318-EAC3-4BBF-9A57-C2EB8707EF41}"
EndProject
Project("{9A19103F-16F7-4668-BE54-9A1E7A4F7556}") = "Password", "Password\Password.csproj", "{2E362069-0C90-4435-8C87-BB6A92F35FAF}"
EndProject
Project("{FAE04EC0-301F-11D3-BF4B-00C04F79EFBC}") = "Followers", "Followers\Followers.csproj", "{8509BA51-6484-4B72-A08D-C7DD79A35E36}"
EndProject
Global
	GlobalSection(SolutionConfigurationPlatforms) = preSolution
		Debug|Any CPU = Debug|Any CPU
		Release|Any CPU = Release|Any CPU
	EndGlobalSection
	GlobalSection(ProjectConfigurationPlatforms) = postSolution
		{C0BCE318-EAC3-4BBF-9A57-C2EB8707EF41}.Debug|Any CPU.ActiveCfg = Debug|Any CPU
		{C0BCE318-EAC3-4BBF-9A57-C2EB8707EF41}.Debug|Any CPU.Build.0 = Debug|Any CPU
		{C0BCE318-EAC3-4BBF-9A57-C2EB8707EF41}.Release|Any CPU.ActiveCfg = Release|Any CPU
		{C0BCE318-EAC3-4BBF-9A57-C2EB8707EF41}.Release|Any CPU.Build.0 = Release|Any CPU
		{2E362069-0C90-4435-8C87-BB6A92F35FAF}.Debug|Any CPU.ActiveCfg = Debug|Any CPU
		{2E362069-0C90-4435-8C87-BB6A92F35FAF}.Debug|Any CPU.Build.0 = Debug|Any CPU
		{2E362069-0C90-4435-8C87-BB6A92F35FAF}.Release|Any CPU.ActiveCfg = Release|Any CPU
		{2E362069-0C90-4435-8C87-BB6A92F35FAF}.Release|Any CPU.Build.0 = Release|Any CPU
		{8509BA51-6484-4B72-A08D-C7DD79A35E36}.Debug|Any CPU.ActiveCfg = Debug|Any CPU
		{8509BA51-6484-4B72-A08D-C7DD79A35E36}.Debug|Any CPU.Build.0 = Debug|Any CPU
		{8509BA51-6484-4B72-A08D-C7DD79A35E36}.Release|Any CPU.ActiveCfg = Release|Any CPU
		{8509BA51-6484-4B72-A08D-C7DD79A35E36}.Release|Any CPU.Build.0 = Release|Any CPU
	EndGlobalSection
	GlobalSection(SolutionProperties) = preSolution
		HideSolutionNode = FALSE
	EndGlobalSection
	GlobalSection(ExtensibilityGlobals) = postSolution
		SolutionGuid = {D636C63F-2082-4760-90FE-759FEFDA1590}
	EndGlobalSection
EndGlobal
